// !$*UTF8*$!
{
	archiveVersion = 1;
	classes = {
	};
	objectVersion = 46;
	objects = {

/* Begin PBXBuildFile section */
		CB359F9B1D85104D000A47BB /* main.cpp in Sources */ = {isa = PBXBuildFile; fileRef = CB359F9A1D85104D000A47BB /* main.cpp */; };
/* End PBXBuildFile section */

/* Begin PBXCopyFilesBuildPhase section */
		CB359F951D85104D000A47BB /* CopyFiles */ = {
			isa = PBXCopyFilesBuildPhase;
			buildActionMask = 2147483647;
			dstPath = /usr/share/man/man1/;
			dstSubfolderSpec = 0;
			files = (
			);
			runOnlyForDeploymentPostprocessing = 1;
		};
/* End PBXCopyFilesBuildPhase section */

/* Begin PBXFileReference section */
		CB359F971D85104D000A47BB /* Leetcode */ = {isa = PBXFileReference; explicitFileType = "compiled.mach-o.executable"; includeInIndex = 0; path = Leetcode; sourceTree = BUILT_PRODUCTS_DIR; };
		CB359F9A1D85104D000A47BB /* main.cpp */ = {isa = PBXFileReference; lastKnownFileType = sourcecode.cpp.cpp; path = main.cpp; sourceTree = "<group>"; };
		CB359FA71D851C16000A47BB /* 40.h */ = {isa = PBXFileReference; lastKnownFileType = sourcecode.c.h; path = 40.h; sourceTree = "<group>"; };
		CB359FA81D851C67000A47BB /* 43.h */ = {isa = PBXFileReference; lastKnownFileType = sourcecode.c.h; path = 43.h; sourceTree = "<group>"; };
		CB359FA91D85D205000A47BB /* 47.h */ = {isa = PBXFileReference; lastKnownFileType = sourcecode.c.h; path = 47.h; sourceTree = "<group>"; };
		CB359FAA1D85D8EA000A47BB /* 48.h */ = {isa = PBXFileReference; lastKnownFileType = sourcecode.c.h; path = 48.h; sourceTree = "<group>"; };
		CB359FAB1D85EE97000A47BB /* 49.h */ = {isa = PBXFileReference; lastKnownFileType = sourcecode.c.h; path = 49.h; sourceTree = "<group>"; };
		CB359FAC1D86076E000A47BB /* 50.h */ = {isa = PBXFileReference; lastKnownFileType = sourcecode.c.h; path = 50.h; sourceTree = "<group>"; };
		CB359FAD1D865388000A47BB /* 4.h */ = {isa = PBXFileReference; lastKnownFileType = sourcecode.c.h; path = 4.h; sourceTree = "<group>"; };
		CB359FAE1D87A0A4000A47BB /* 10.h */ = {isa = PBXFileReference; lastKnownFileType = sourcecode.c.h; path = 10.h; sourceTree = "<group>"; };
/* End PBXFileReference section */

/* Begin PBXFrameworksBuildPhase section */
		CB359F941D85104D000A47BB /* Frameworks */ = {
			isa = PBXFrameworksBuildPhase;
			buildActionMask = 2147483647;
			files = (
			);
			runOnlyForDeploymentPostprocessing = 0;
		};
/* End PBXFrameworksBuildPhase section */

/* Begin PBXGroup section */
		CB359F8E1D85104D000A47BB = {
			isa = PBXGroup;
			children = (
				CB359F991D85104D000A47BB /* Leetcode */,
				CB359F981D85104D000A47BB /* Products */,
			);
			sourceTree = "<group>";
		};
		CB359F981D85104D000A47BB /* Products */ = {
			isa = PBXGroup;
			children = (
				CB359F971D85104D000A47BB /* Leetcode */,
			);
			name = Products;
			sourceTree = "<group>";
		};
		CB359F991D85104D000A47BB /* Leetcode */ = {
			isa = PBXGroup;
			children = (
				CB359F9A1D85104D000A47BB /* main.cpp */,
				CB359FA71D851C16000A47BB /* 40.h */,
				CB359FA81D851C67000A47BB /* 43.h */,
				CB359FA91D85D205000A47BB /* 47.h */,
				CB359FAA1D85D8EA000A47BB /* 48.h */,
				CB359FAB1D85EE97000A47BB /* 49.h */,
				CB359FAC1D86076E000A47BB /* 50.h */,
				CB359FAD1D865388000A47BB /* 4.h */,
				CB359FAE1D87A0A4000A47BB /* 10.h */,
			);
			path = Leetcode;
			sourceTree = "<group>";
		};
/* End PBXGroup section */

/* Begin PBXNativeTarget section */
		CB359F961D85104D000A47BB /* Leetcode */ = {
			isa = PBXNativeTarget;
			buildConfigurationList = CB359F9E1D85104D000A47BB /* Build configuration list for PBXNativeTarget "Leetcode" */;
			buildPhases = (
				CB359F931D85104D000A47BB /* Sources */,
				CB359F941D85104D000A47BB /* Frameworks */,
				CB359F951D85104D000A47BB /* CopyFiles */,
			);
			buildRules = (
			);
			dependencies = (
			);
			name = Leetcode;
			productName = Leetcode;
			productReference = CB359F971D85104D000A47BB /* Leetcode */;
			productType = "com.apple.product-type.tool";
		};
/* End PBXNativeTarget section */

/* Begin PBXProject section */
		CB359F8F1D85104D000A47BB /* Project object */ = {
			isa = PBXProject;
			attributes = {
				LastUpgradeCheck = 0730;
				ORGANIZATIONNAME = "Rafa Liang";
				TargetAttributes = {
					CB359F961D85104D000A47BB = {
						CreatedOnToolsVersion = 7.3.1;
					};
				};
			};
			buildConfigurationList = CB359F921D85104D000A47BB /* Build configuration list for PBXProject "Leetcode" */;
			compatibilityVersion = "Xcode 3.2";
			developmentRegion = English;
			hasScannedForEncodings = 0;
			knownRegions = (
				en,
			);
			mainGroup = CB359F8E1D85104D000A47BB;
			productRefGroup = CB359F981D85104D000A47BB /* Products */;
			projectDirPath = "";
			projectRoot = "";
			targets = (
				CB359F961D85104D000A47BB /* Leetcode */,
			);
		};
/* End PBXProject section */

/* Begin PBXSourcesBuildPhase section */
		CB359F931D85104D000A47BB /* Sources */ = {
			isa = PBXSourcesBuildPhase;
			buildActionMask = 2147483647;
			files = (
				CB359F9B1D85104D000A47BB /* main.cpp in Sources */,
			);
			runOnlyForDeploymentPostprocessing = 0;
		};
/* End PBXSourcesBuildPhase section */

/* Begin XCBuildConfiguration section */
		CB359F9C1D85104D000A47BB /* Debug */ = {
			isa = XCBuildConfiguration;
			buildSettings = {
				ALWAYS_SEARCH_USER_PATHS = NO;
				CLANG_ANALYZER_NONNULL = YES;
				CLANG_CXX_LANGUAGE_STANDARD = "gnu++0x";
				CLANG_CXX_LIBRARY = "libc++";
				CLANG_ENABLE_MODULES = YES;
				CLANG_ENABLE_OBJC_ARC = YES;
				CLANG_WARN_BOOL_CONVERSION = YES;
				CLANG_WARN_CONSTANT_CONVERSION = YES;
				CLANG_WARN_DIRECT_OBJC_ISA_USAGE = YES_ERROR;
				CLANG_WARN_EMPTY_BODY = YES;
				CLANG_WARN_ENUM_CONVERSION = YES;
				CLANG_WARN_INT_CONVERSION = YES;
				CLANG_WARN_OBJC_ROOT_CLASS = YES_ERROR;
				CLANG_WARN_UNREACHABLE_CODE = YES;
				CLANG_WARN__DUPLICATE_METHOD_MATCH = YES;
				CODE_SIGN_IDENTITY = "-";
				COPY_PHASE_STRIP = NO;
				DEBUG_INFORMATION_FORMAT = dwarf;
				ENABLE_STRICT_OBJC_MSGSEND = YES;
				ENABLE_TESTABILITY = YES;
				GCC_C_LANGUAGE_STANDARD = gnu99;
				GCC_DYNAMIC_NO_PIC = NO;
				GCC_NO_COMMON_BLOCKS = YES;
				GCC_OPTIMIZATION_LEVEL = 0;
				GCC_PREPROCESSOR_DEFINITIONS = (
					"DEBUG=1",
					"$(inherited)",
				);
				GCC_WARN_64_TO_32_BIT_CONVERSION = YES;
				GCC_WARN_ABOUT_RETURN_TYPE = YES_ERROR;
				GCC_WARN_UNDECLARED_SELECTOR = YES;
				GCC_WARN_UNINITIALIZED_AUTOS = YES_AGGRESSIVE;
				GCC_WARN_UNUSED_FUNCTION = YES;
				GCC_WARN_UNUSED_VARIABLE = YES;
				MACOSX_DEPLOYMENT_TARGET = 10.11;
				MTL_ENABLE_DEBUG_INFO = YES;
				ONLY_ACTIVE_ARCH = YES;
				SDKROOT = macosx;
			};
			name = Debug;
		};
		CB359F9D1D85104D000A47BB /* Release */ = {
			isa = XCBuildConfiguration;
			buildSettings = {
				ALWAYS_SEARCH_USER_PATHS = NO;
				CLANG_ANALYZER_NONNULL = YES;
				CLANG_CXX_LANGUAGE_STANDARD = "gnu++0x";
				CLANG_CXX_LIBRARY = "libc++";
				CLANG_ENABLE_MODULES = YES;
				CLANG_ENABLE_OBJC_ARC = YES;
				CLANG_WARN_BOOL_CONVERSION = YES;
				CLANG_WARN_CONSTANT_CONVERSION = YES;
				CLANG_WARN_DIRECT_OBJC_ISA_USAGE = YES_ERROR;
				CLANG_WARN_EMPTY_BODY = YES;
				CLANG_WARN_ENUM_CONVERSION = YES;
				CLANG_WARN_INT_CONVERSION = YES;
				CLANG_WARN_OBJC_ROOT_CLASS = YES_ERROR;
				CLANG_WARN_UNREACHABLE_CODE = YES;
				CLANG_WARN__DUPLICATE_METHOD_MATCH = YES;
				CODE_SIGN_IDENTITY = "-";
				COPY_PHASE_STRIP = NO;
				DEBUG_INFORMATION_FORMAT = "dwarf-with-dsym";
				ENABLE_NS_ASSERTIONS = NO;
				ENABLE_STRICT_OBJC_MSGSEND = YES;
				GCC_C_LANGUAGE_STANDARD = gnu99;
				GCC_NO_COMMON_BLOCKS = YES;
				GCC_WARN_64_TO_32_BIT_CONVERSION = YES;
				GCC_WARN_ABOUT_RETURN_TYPE = YES_ERROR;
				GCC_WARN_UNDECLARED_SELECTOR = YES;
				GCC_WARN_UNINITIALIZED_AUTOS = YES_AGGRESSIVE;
				GCC_WARN_UNUSED_FUNCTION = YES;
				GCC_WARN_UNUSED_VARIABLE = YES;
				MACOSX_DEPLOYMENT_TARGET = 10.11;
				MTL_ENABLE_DEBUG_INFO = NO;
				SDKROOT = macosx;
			};
			name = Release;
		};
		CB359F9F1D85104D000A47BB /* Debug */ = {
			isa = XCBuildConfiguration;
			buildSettings = {
				PRODUCT_NAME = "$(TARGET_NAME)";
			};
			name = Debug;
		};
		CB359FA01D85104D000A47BB /* Release */ = {
			isa = XCBuildConfiguration;
			buildSettings = {
				PRODUCT_NAME = "$(TARGET_NAME)";
			};
			name = Release;
		};
/* End XCBuildConfiguration section */

/* Begin XCConfigurationList section */
		CB359F921D85104D000A47BB /* Build configuration list for PBXProject "Leetcode" */ = {
			isa = XCConfigurationList;
			buildConfigurations = (
				CB359F9C1D85104D000A47BB /* Debug */,
				CB359F9D1D85104D000A47BB /* Release */,
			);
			defaultConfigurationIsVisible = 0;
			defaultConfigurationName = Release;
		};
		CB359F9E1D85104D000A47BB /* Build configuration list for PBXNativeTarget "Leetcode" */ = {
			isa = XCConfigurationList;
			buildConfigurations = (
				CB359F9F1D85104D000A47BB /* Debug */,
				CB359FA01D85104D000A47BB /* Release */,
			);
			defaultConfigurationIsVisible = 0;
		};
/* End XCConfigurationList section */
	};
	rootObject = CB359F8F1D85104D000A47BB /* Project object */;
}
